// !$*UTF8*$!
{
	archiveVersion = 1;
	classes = {
	};
	objectVersion = 56;
	objects = {

/* Begin PBXBuildFile section */
		062B0F4B2B6A72CD00CB7511 /* AppDelegate.swift in Sources */ = {isa = PBXBuildFile; fileRef = 062B0F4A2B6A72CD00CB7511 /* AppDelegate.swift */; };
		062B0F4D2B6A72CD00CB7511 /* SceneDelegate.swift in Sources */ = {isa = PBXBuildFile; fileRef = 062B0F4C2B6A72CD00CB7511 /* SceneDelegate.swift */; };
		062B0F4F2B6A72CD00CB7511 /* ViewController.swift in Sources */ = {isa = PBXBuildFile; fileRef = 062B0F4E2B6A72CD00CB7511 /* ViewController.swift */; };
		062B0F542B6A72CE00CB7511 /* Assets.xcassets in Resources */ = {isa = PBXBuildFile; fileRef = 062B0F532B6A72CE00CB7511 /* Assets.xcassets */; };
		062B0F572B6A72CE00CB7511 /* LaunchScreen.storyboard in Resources */ = {isa = PBXBuildFile; fileRef = 062B0F552B6A72CE00CB7511 /* LaunchScreen.storyboard */; };
		062B0F622B6A72CE00CB7511 /* JustNewsTests.swift in Sources */ = {isa = PBXBuildFile; fileRef = 062B0F612B6A72CE00CB7511 /* JustNewsTests.swift */; };
		062B0F6C2B6A72CE00CB7511 /* JustNewsUITests.swift in Sources */ = {isa = PBXBuildFile; fileRef = 062B0F6B2B6A72CE00CB7511 /* JustNewsUITests.swift */; };
		062B0F6E2B6A72CE00CB7511 /* JustNewsUITestsLaunchTests.swift in Sources */ = {isa = PBXBuildFile; fileRef = 062B0F6D2B6A72CE00CB7511 /* JustNewsUITestsLaunchTests.swift */; };
		062B0F7C2B6A737300CB7511 /* NewsListController.swift in Sources */ = {isa = PBXBuildFile; fileRef = 062B0F7B2B6A737300CB7511 /* NewsListController.swift */; };
		062B0F7F2B6A73D900CB7511 /* NewsListView.swift in Sources */ = {isa = PBXBuildFile; fileRef = 062B0F7E2B6A73D900CB7511 /* NewsListView.swift */; };
		062B0F812B6A765400CB7511 /* NewsDetailView.swift in Sources */ = {isa = PBXBuildFile; fileRef = 062B0F802B6A765400CB7511 /* NewsDetailView.swift */; };
		062B0F842B6A7AEF00CB7511 /* NewsModel.swift in Sources */ = {isa = PBXBuildFile; fileRef = 062B0F832B6A7AEF00CB7511 /* NewsModel.swift */; };
		062B0F872B6A80F300CB7511 /* NewsDataServiceProtocol.swift in Sources */ = {isa = PBXBuildFile; fileRef = 062B0F862B6A80F300CB7511 /* NewsDataServiceProtocol.swift */; };
		062B0F892B6A816400CB7511 /* NewsDataService.swift in Sources */ = {isa = PBXBuildFile; fileRef = 062B0F882B6A816400CB7511 /* NewsDataService.swift */; };
		062B0F8C2B6A81D200CB7511 /* UILabelExtension.swift in Sources */ = {isa = PBXBuildFile; fileRef = 062B0F8B2B6A81D200CB7511 /* UILabelExtension.swift */; };
		062B0F8F2B6AEC1C00CB7511 /* NewsDataServiceError.swift in Sources */ = {isa = PBXBuildFile; fileRef = 062B0F8E2B6AEC1C00CB7511 /* NewsDataServiceError.swift */; };
		062B0F912B6AF97900CB7511 /* NewsListViewModel.swift in Sources */ = {isa = PBXBuildFile; fileRef = 062B0F902B6AF97900CB7511 /* NewsListViewModel.swift */; };
		062B0F942B6AFAF200CB7511 /* newsvc.swift in Sources */ = {isa = PBXBuildFile; fileRef = 062B0F932B6AFAF200CB7511 /* newsvc.swift */; };
		062B0F962B6AFB3400CB7511 /* newsvm.swift in Sources */ = {isa = PBXBuildFile; fileRef = 062B0F952B6AFB3400CB7511 /* newsvm.swift */; };
/* End PBXBuildFile section */

/* Begin PBXContainerItemProxy section */
		062B0F5E2B6A72CE00CB7511 /* PBXContainerItemProxy */ = {
			isa = PBXContainerItemProxy;
			containerPortal = 062B0F3F2B6A72CD00CB7511 /* Project object */;
			proxyType = 1;
			remoteGlobalIDString = 062B0F462B6A72CD00CB7511;
			remoteInfo = JustNews;
		};
		062B0F682B6A72CE00CB7511 /* PBXContainerItemProxy */ = {
			isa = PBXContainerItemProxy;
			containerPortal = 062B0F3F2B6A72CD00CB7511 /* Project object */;
			proxyType = 1;
			remoteGlobalIDString = 062B0F462B6A72CD00CB7511;
			remoteInfo = JustNews;
		};
/* End PBXContainerItemProxy section */

/* Begin PBXFileReference section */
		062B0F472B6A72CD00CB7511 /* JustNews.app */ = {isa = PBXFileReference; explicitFileType = wrapper.application; includeInIndex = 0; path = JustNews.app; sourceTree = BUILT_PRODUCTS_DIR; };
		062B0F4A2B6A72CD00CB7511 /* AppDelegate.swift */ = {isa = PBXFileReference; lastKnownFileType = sourcecode.swift; path = AppDelegate.swift; sourceTree = "<group>"; };
		062B0F4C2B6A72CD00CB7511 /* SceneDelegate.swift */ = {isa = PBXFileReference; lastKnownFileType = sourcecode.swift; path = SceneDelegate.swift; sourceTree = "<group>"; };
		062B0F4E2B6A72CD00CB7511 /* ViewController.swift */ = {isa = PBXFileReference; lastKnownFileType = sourcecode.swift; path = ViewController.swift; sourceTree = "<group>"; };
		062B0F532B6A72CE00CB7511 /* Assets.xcassets */ = {isa = PBXFileReference; lastKnownFileType = folder.assetcatalog; path = Assets.xcassets; sourceTree = "<group>"; };
		062B0F562B6A72CE00CB7511 /* Base */ = {isa = PBXFileReference; lastKnownFileType = file.storyboard; name = Base; path = Base.lproj/LaunchScreen.storyboard; sourceTree = "<group>"; };
		062B0F582B6A72CE00CB7511 /* Info.plist */ = {isa = PBXFileReference; lastKnownFileType = text.plist.xml; path = Info.plist; sourceTree = "<group>"; };
		062B0F5D2B6A72CE00CB7511 /* JustNewsTests.xctest */ = {isa = PBXFileReference; explicitFileType = wrapper.cfbundle; includeInIndex = 0; path = JustNewsTests.xctest; sourceTree = BUILT_PRODUCTS_DIR; };
		062B0F612B6A72CE00CB7511 /* JustNewsTests.swift */ = {isa = PBXFileReference; lastKnownFileType = sourcecode.swift; path = JustNewsTests.swift; sourceTree = "<group>"; };
		062B0F672B6A72CE00CB7511 /* JustNewsUITests.xctest */ = {isa = PBXFileReference; explicitFileType = wrapper.cfbundle; includeInIndex = 0; path = JustNewsUITests.xctest; sourceTree = BUILT_PRODUCTS_DIR; };
		062B0F6B2B6A72CE00CB7511 /* JustNewsUITests.swift */ = {isa = PBXFileReference; lastKnownFileType = sourcecode.swift; path = JustNewsUITests.swift; sourceTree = "<group>"; };
		062B0F6D2B6A72CE00CB7511 /* JustNewsUITestsLaunchTests.swift */ = {isa = PBXFileReference; lastKnownFileType = sourcecode.swift; path = JustNewsUITestsLaunchTests.swift; sourceTree = "<group>"; };
		062B0F7B2B6A737300CB7511 /* NewsListController.swift */ = {isa = PBXFileReference; lastKnownFileType = sourcecode.swift; path = NewsListController.swift; sourceTree = "<group>"; };
		062B0F7E2B6A73D900CB7511 /* NewsListView.swift */ = {isa = PBXFileReference; lastKnownFileType = sourcecode.swift; path = NewsListView.swift; sourceTree = "<group>"; };
		062B0F802B6A765400CB7511 /* NewsDetailView.swift */ = {isa = PBXFileReference; lastKnownFileType = sourcecode.swift; path = NewsDetailView.swift; sourceTree = "<group>"; };
		062B0F832B6A7AEF00CB7511 /* NewsModel.swift */ = {isa = PBXFileReference; lastKnownFileType = sourcecode.swift; path = NewsModel.swift; sourceTree = "<group>"; };
		062B0F862B6A80F300CB7511 /* NewsDataServiceProtocol.swift */ = {isa = PBXFileReference; lastKnownFileType = sourcecode.swift; path = NewsDataServiceProtocol.swift; sourceTree = "<group>"; };
		062B0F882B6A816400CB7511 /* NewsDataService.swift */ = {isa = PBXFileReference; lastKnownFileType = sourcecode.swift; path = NewsDataService.swift; sourceTree = "<group>"; };
		062B0F8B2B6A81D200CB7511 /* UILabelExtension.swift */ = {isa = PBXFileReference; lastKnownFileType = sourcecode.swift; path = UILabelExtension.swift; sourceTree = "<group>"; };
		062B0F8E2B6AEC1C00CB7511 /* NewsDataServiceError.swift */ = {isa = PBXFileReference; lastKnownFileType = sourcecode.swift; path = NewsDataServiceError.swift; sourceTree = "<group>"; };
		062B0F902B6AF97900CB7511 /* NewsListViewModel.swift */ = {isa = PBXFileReference; lastKnownFileType = sourcecode.swift; path = NewsListViewModel.swift; sourceTree = "<group>"; };
		062B0F932B6AFAF200CB7511 /* newsvc.swift */ = {isa = PBXFileReference; lastKnownFileType = sourcecode.swift; path = newsvc.swift; sourceTree = "<group>"; };
		062B0F952B6AFB3400CB7511 /* newsvm.swift */ = {isa = PBXFileReference; lastKnownFileType = sourcecode.swift; path = newsvm.swift; sourceTree = "<group>"; };
/* End PBXFileReference section */

/* Begin PBXFrameworksBuildPhase section */
		062B0F442B6A72CD00CB7511 /* Frameworks */ = {
			isa = PBXFrameworksBuildPhase;
			buildActionMask = 2147483647;
			files = (
			);
			runOnlyForDeploymentPostprocessing = 0;
		};
		062B0F5A2B6A72CE00CB7511 /* Frameworks */ = {
			isa = PBXFrameworksBuildPhase;
			buildActionMask = 2147483647;
			files = (
			);
			runOnlyForDeploymentPostprocessing = 0;
		};
		062B0F642B6A72CE00CB7511 /* Frameworks */ = {
			isa = PBXFrameworksBuildPhase;
			buildActionMask = 2147483647;
			files = (
			);
			runOnlyForDeploymentPostprocessing = 0;
		};
/* End PBXFrameworksBuildPhase section */

/* Begin PBXGroup section */
		062B0F3E2B6A72CD00CB7511 = {
			isa = PBXGroup;
			children = (
				062B0F492B6A72CD00CB7511 /* JustNews */,
				062B0F602B6A72CE00CB7511 /* JustNewsTests */,
				062B0F6A2B6A72CE00CB7511 /* JustNewsUITests */,
				062B0F482B6A72CD00CB7511 /* Products */,
			);
			sourceTree = "<group>";
		};
		062B0F482B6A72CD00CB7511 /* Products */ = {
			isa = PBXGroup;
			children = (
				062B0F472B6A72CD00CB7511 /* JustNews.app */,
				062B0F5D2B6A72CE00CB7511 /* JustNewsTests.xctest */,
				062B0F672B6A72CE00CB7511 /* JustNewsUITests.xctest */,
			);
			name = Products;
			sourceTree = "<group>";
		};
		062B0F492B6A72CD00CB7511 /* JustNews */ = {
			isa = PBXGroup;
			children = (
				062B0F922B6AFAD800CB7511 /* Notes */,
				062B0F8D2B6A852400CB7511 /* ViewModels */,
				062B0F8A2B6A81C200CB7511 /* Extensions */,
				062B0F852B6A80D000CB7511 /* Services */,
				062B0F822B6A7AE200CB7511 /* Models */,
				062B0F7D2B6A73C800CB7511 /* Views */,
				062B0F7A2B6A732400CB7511 /* Controllers */,
				062B0F4A2B6A72CD00CB7511 /* AppDelegate.swift */,
				062B0F4C2B6A72CD00CB7511 /* SceneDelegate.swift */,
				062B0F4E2B6A72CD00CB7511 /* ViewController.swift */,
				062B0F532B6A72CE00CB7511 /* Assets.xcassets */,
				062B0F552B6A72CE00CB7511 /* LaunchScreen.storyboard */,
				062B0F582B6A72CE00CB7511 /* Info.plist */,
			);
			path = JustNews;
			sourceTree = "<group>";
		};
		062B0F602B6A72CE00CB7511 /* JustNewsTests */ = {
			isa = PBXGroup;
			children = (
				062B0F612B6A72CE00CB7511 /* JustNewsTests.swift */,
			);
			path = JustNewsTests;
			sourceTree = "<group>";
		};
		062B0F6A2B6A72CE00CB7511 /* JustNewsUITests */ = {
			isa = PBXGroup;
			children = (
				062B0F6B2B6A72CE00CB7511 /* JustNewsUITests.swift */,
				062B0F6D2B6A72CE00CB7511 /* JustNewsUITestsLaunchTests.swift */,
			);
			path = JustNewsUITests;
			sourceTree = "<group>";
		};
		062B0F7A2B6A732400CB7511 /* Controllers */ = {
			isa = PBXGroup;
			children = (
				062B0F7B2B6A737300CB7511 /* NewsListController.swift */,
			);
			path = Controllers;
			sourceTree = "<group>";
		};
		062B0F7D2B6A73C800CB7511 /* Views */ = {
			isa = PBXGroup;
			children = (
				062B0F7E2B6A73D900CB7511 /* NewsListView.swift */,
				062B0F802B6A765400CB7511 /* NewsDetailView.swift */,
			);
			path = Views;
			sourceTree = "<group>";
		};
		062B0F822B6A7AE200CB7511 /* Models */ = {
			isa = PBXGroup;
			children = (
				062B0F832B6A7AEF00CB7511 /* NewsModel.swift */,
			);
			path = Models;
			sourceTree = "<group>";
		};
		062B0F852B6A80D000CB7511 /* Services */ = {
			isa = PBXGroup;
			children = (
				062B0F862B6A80F300CB7511 /* NewsDataServiceProtocol.swift */,
				062B0F882B6A816400CB7511 /* NewsDataService.swift */,
				062B0F8E2B6AEC1C00CB7511 /* NewsDataServiceError.swift */,
			);
			path = Services;
			sourceTree = "<group>";
		};
		062B0F8A2B6A81C200CB7511 /* Extensions */ = {
			isa = PBXGroup;
			children = (
				062B0F8B2B6A81D200CB7511 /* UILabelExtension.swift */,
			);
			path = Extensions;
			sourceTree = "<group>";
		};
		062B0F8D2B6A852400CB7511 /* ViewModels */ = {
			isa = PBXGroup;
			children = (
				062B0F902B6AF97900CB7511 /* NewsListViewModel.swift */,
			);
			path = ViewModels;
			sourceTree = "<group>";
		};
		062B0F922B6AFAD800CB7511 /* Notes */ = {
			isa = PBXGroup;
			children = (
				062B0F932B6AFAF200CB7511 /* newsvc.swift */,
				062B0F952B6AFB3400CB7511 /* newsvm.swift */,
			);
			path = Notes;
			sourceTree = "<group>";
		};
/* End PBXGroup section */

/* Begin PBXNativeTarget section */
		062B0F462B6A72CD00CB7511 /* JustNews */ = {
			isa = PBXNativeTarget;
			buildConfigurationList = 062B0F712B6A72CE00CB7511 /* Build configuration list for PBXNativeTarget "JustNews" */;
			buildPhases = (
				062B0F432B6A72CD00CB7511 /* Sources */,
				062B0F442B6A72CD00CB7511 /* Frameworks */,
				062B0F452B6A72CD00CB7511 /* Resources */,
			);
			buildRules = (
			);
			dependencies = (
			);
			name = JustNews;
			productName = JustNews;
			productReference = 062B0F472B6A72CD00CB7511 /* JustNews.app */;
			productType = "com.apple.product-type.application";
		};
		062B0F5C2B6A72CE00CB7511 /* JustNewsTests */ = {
			isa = PBXNativeTarget;
			buildConfigurationList = 062B0F742B6A72CE00CB7511 /* Build configuration list for PBXNativeTarget "JustNewsTests" */;
			buildPhases = (
				062B0F592B6A72CE00CB7511 /* Sources */,
				062B0F5A2B6A72CE00CB7511 /* Frameworks */,
				062B0F5B2B6A72CE00CB7511 /* Resources */,
			);
			buildRules = (
			);
			dependencies = (
				062B0F5F2B6A72CE00CB7511 /* PBXTargetDependency */,
			);
			name = JustNewsTests;
			productName = JustNewsTests;
			productReference = 062B0F5D2B6A72CE00CB7511 /* JustNewsTests.xctest */;
			productType = "com.apple.product-type.bundle.unit-test";
		};
		062B0F662B6A72CE00CB7511 /* JustNewsUITests */ = {
			isa = PBXNativeTarget;
			buildConfigurationList = 062B0F772B6A72CE00CB7511 /* Build configuration list for PBXNativeTarget "JustNewsUITests" */;
			buildPhases = (
				062B0F632B6A72CE00CB7511 /* Sources */,
				062B0F642B6A72CE00CB7511 /* Frameworks */,
				062B0F652B6A72CE00CB7511 /* Resources */,
			);
			buildRules = (
			);
			dependencies = (
				062B0F692B6A72CE00CB7511 /* PBXTargetDependency */,
			);
			name = JustNewsUITests;
			productName = JustNewsUITests;
			productReference = 062B0F672B6A72CE00CB7511 /* JustNewsUITests.xctest */;
			productType = "com.apple.product-type.bundle.ui-testing";
		};
/* End PBXNativeTarget section */

/* Begin PBXProject section */
		062B0F3F2B6A72CD00CB7511 /* Project object */ = {
			isa = PBXProject;
			attributes = {
				BuildIndependentTargetsInParallel = 1;
				LastSwiftUpdateCheck = 1500;
				LastUpgradeCheck = 1500;
				TargetAttributes = {
					062B0F462B6A72CD00CB7511 = {
						CreatedOnToolsVersion = 15.0.1;
					};
					062B0F5C2B6A72CE00CB7511 = {
						CreatedOnToolsVersion = 15.0.1;
						TestTargetID = 062B0F462B6A72CD00CB7511;
					};
					062B0F662B6A72CE00CB7511 = {
						CreatedOnToolsVersion = 15.0.1;
						TestTargetID = 062B0F462B6A72CD00CB7511;
					};
				};
			};
			buildConfigurationList = 062B0F422B6A72CD00CB7511 /* Build configuration list for PBXProject "JustNews" */;
			compatibilityVersion = "Xcode 14.0";
			developmentRegion = en;
			hasScannedForEncodings = 0;
			knownRegions = (
				en,
				Base,
			);
			mainGroup = 062B0F3E2B6A72CD00CB7511;
			productRefGroup = 062B0F482B6A72CD00CB7511 /* Products */;
			projectDirPath = "";
			projectRoot = "";
			targets = (
				062B0F462B6A72CD00CB7511 /* JustNews */,
				062B0F5C2B6A72CE00CB7511 /* JustNewsTests */,
				062B0F662B6A72CE00CB7511 /* JustNewsUITests */,
			);
		};
/* End PBXProject section */

/* Begin PBXResourcesBuildPhase section */
		062B0F452B6A72CD00CB7511 /* Resources */ = {
			isa = PBXResourcesBuildPhase;
			buildActionMask = 2147483647;
			files = (
				062B0F572B6A72CE00CB7511 /* LaunchScreen.storyboard in Resources */,
				062B0F542B6A72CE00CB7511 /* Assets.xcassets in Resources */,
			);
			runOnlyForDeploymentPostprocessing = 0;
		};
		062B0F5B2B6A72CE00CB7511 /* Resources */ = {
			isa = PBXResourcesBuildPhase;
			buildActionMask = 2147483647;
			files = (
			);
			runOnlyForDeploymentPostprocessing = 0;
		};
		062B0F652B6A72CE00CB7511 /* Resources */ = {
			isa = PBXResourcesBuildPhase;
			buildActionMask = 2147483647;
			files = (
			);
			runOnlyForDeploymentPostprocessing = 0;
		};
/* End PBXResourcesBuildPhase section */

/* Begin PBXSourcesBuildPhase section */
		062B0F432B6A72CD00CB7511 /* Sources */ = {
			isa = PBXSourcesBuildPhase;
			buildActionMask = 2147483647;
			files = (
				062B0F842B6A7AEF00CB7511 /* NewsModel.swift in Sources */,
				062B0F8F2B6AEC1C00CB7511 /* NewsDataServiceError.swift in Sources */,
				062B0F942B6AFAF200CB7511 /* newsvc.swift in Sources */,
				062B0F7C2B6A737300CB7511 /* NewsListController.swift in Sources */,
				062B0F8C2B6A81D200CB7511 /* UILabelExtension.swift in Sources */,
				062B0F892B6A816400CB7511 /* NewsDataService.swift in Sources */,
				062B0F872B6A80F300CB7511 /* NewsDataServiceProtocol.swift in Sources */,
				062B0F4F2B6A72CD00CB7511 /* ViewController.swift in Sources */,
				062B0F7F2B6A73D900CB7511 /* NewsListView.swift in Sources */,
				062B0F962B6AFB3400CB7511 /* newsvm.swift in Sources */,
				062B0F4B2B6A72CD00CB7511 /* AppDelegate.swift in Sources */,
				062B0F812B6A765400CB7511 /* NewsDetailView.swift in Sources */,
				062B0F4D2B6A72CD00CB7511 /* SceneDelegate.swift in Sources */,
				062B0F912B6AF97900CB7511 /* NewsListViewModel.swift in Sources */,
			);
			runOnlyForDeploymentPostprocessing = 0;
		};
		062B0F592B6A72CE00CB7511 /* Sources */ = {
			isa = PBXSourcesBuildPhase;
			buildActionMask = 2147483647;
			files = (
				062B0F622B6A72CE00CB7511 /* JustNewsTests.swift in Sources */,
			);
			runOnlyForDeploymentPostprocessing = 0;
		};
		062B0F632B6A72CE00CB7511 /* Sources */ = {
			isa = PBXSourcesBuildPhase;
			buildActionMask = 2147483647;
			files = (
				062B0F6E2B6A72CE00CB7511 /* JustNewsUITestsLaunchTests.swift in Sources */,
				062B0F6C2B6A72CE00CB7511 /* JustNewsUITests.swift in Sources */,
			);
			runOnlyForDeploymentPostprocessing = 0;
		};
/* End PBXSourcesBuildPhase section */

/* Begin PBXTargetDependency section */
		062B0F5F2B6A72CE00CB7511 /* PBXTargetDependency */ = {
			isa = PBXTargetDependency;
			target = 062B0F462B6A72CD00CB7511 /* JustNews */;
			targetProxy = 062B0F5E2B6A72CE00CB7511 /* PBXContainerItemProxy */;
		};
		062B0F692B6A72CE00CB7511 /* PBXTargetDependency */ = {
			isa = PBXTargetDependency;
			target = 062B0F462B6A72CD00CB7511 /* JustNews */;
			targetProxy = 062B0F682B6A72CE00CB7511 /* PBXContainerItemProxy */;
		};
/* End PBXTargetDependency section */

/* Begin PBXVariantGroup section */
		062B0F552B6A72CE00CB7511 /* LaunchScreen.storyboard */ = {
			isa = PBXVariantGroup;
			children = (
				062B0F562B6A72CE00CB7511 /* Base */,
			);
			name = LaunchScreen.storyboard;
			sourceTree = "<group>";
		};
/* End PBXVariantGroup section */

/* Begin XCBuildConfiguration section */
		062B0F6F2B6A72CE00CB7511 /* Debug */ = {
			isa = XCBuildConfiguration;
			buildSettings = {
				ALWAYS_SEARCH_USER_PATHS = NO;
				ASSETCATALOG_COMPILER_GENERATE_SWIFT_ASSET_SYMBOL_EXTENSIONS = YES;
				CLANG_ANALYZER_NONNULL = YES;
				CLANG_ANALYZER_NUMBER_OBJECT_CONVERSION = YES_AGGRESSIVE;
				CLANG_CXX_LANGUAGE_STANDARD = "gnu++20";
				CLANG_ENABLE_MODULES = YES;
				CLANG_ENABLE_OBJC_ARC = YES;
				CLANG_ENABLE_OBJC_WEAK = YES;
				CLANG_WARN_BLOCK_CAPTURE_AUTORELEASING = YES;
				CLANG_WARN_BOOL_CONVERSION = YES;
				CLANG_WARN_COMMA = YES;
				CLANG_WARN_CONSTANT_CONVERSION = YES;
				CLANG_WARN_DEPRECATED_OBJC_IMPLEMENTATIONS = YES;
				CLANG_WARN_DIRECT_OBJC_ISA_USAGE = YES_ERROR;
				CLANG_WARN_DOCUMENTATION_COMMENTS = YES;
				CLANG_WARN_EMPTY_BODY = YES;
				CLANG_WARN_ENUM_CONVERSION = YES;
				CLANG_WARN_INFINITE_RECURSION = YES;
				CLANG_WARN_INT_CONVERSION = YES;
				CLANG_WARN_NON_LITERAL_NULL_CONVERSION = YES;
				CLANG_WARN_OBJC_IMPLICIT_RETAIN_SELF = YES;
				CLANG_WARN_OBJC_LITERAL_CONVERSION = YES;
				CLANG_WARN_OBJC_ROOT_CLASS = YES_ERROR;
				CLANG_WARN_QUOTED_INCLUDE_IN_FRAMEWORK_HEADER = YES;
				CLANG_WARN_RANGE_LOOP_ANALYSIS = YES;
				CLANG_WARN_STRICT_PROTOTYPES = YES;
				CLANG_WARN_SUSPICIOUS_MOVE = YES;
				CLANG_WARN_UNGUARDED_AVAILABILITY = YES_AGGRESSIVE;
				CLANG_WARN_UNREACHABLE_CODE = YES;
				CLANG_WARN__DUPLICATE_METHOD_MATCH = YES;
				COPY_PHASE_STRIP = NO;
				DEBUG_INFORMATION_FORMAT = dwarf;
				ENABLE_STRICT_OBJC_MSGSEND = YES;
				ENABLE_TESTABILITY = YES;
				ENABLE_USER_SCRIPT_SANDBOXING = YES;
				GCC_C_LANGUAGE_STANDARD = gnu17;
				GCC_DYNAMIC_NO_PIC = NO;
				GCC_NO_COMMON_BLOCKS = YES;
				GCC_OPTIMIZATION_LEVEL = 0;
				GCC_PREPROCESSOR_DEFINITIONS = (
					"DEBUG=1",
					"$(inherited)",
				);
				GCC_WARN_64_TO_32_BIT_CONVERSION = YES;
				GCC_WARN_ABOUT_RETURN_TYPE = YES_ERROR;
				GCC_WARN_UNDECLARED_SELECTOR = YES;
				GCC_WARN_UNINITIALIZED_AUTOS = YES_AGGRESSIVE;
				GCC_WARN_UNUSED_FUNCTION = YES;
				GCC_WARN_UNUSED_VARIABLE = YES;
				IPHONEOS_DEPLOYMENT_TARGET = 17.0;
				LOCALIZATION_PREFERS_STRING_CATALOGS = YES;
				MTL_ENABLE_DEBUG_INFO = INCLUDE_SOURCE;
				MTL_FAST_MATH = YES;
				ONLY_ACTIVE_ARCH = YES;
				SDKROOT = iphoneos;
				SWIFT_ACTIVE_COMPILATION_CONDITIONS = "DEBUG $(inherited)";
				SWIFT_OPTIMIZATION_LEVEL = "-Onone";
			};
			name = Debug;
		};
		062B0F702B6A72CE00CB7511 /* Release */ = {
			isa = XCBuildConfiguration;
			buildSettings = {
				ALWAYS_SEARCH_USER_PATHS = NO;
				ASSETCATALOG_COMPILER_GENERATE_SWIFT_ASSET_SYMBOL_EXTENSIONS = YES;
				CLANG_ANALYZER_NONNULL = YES;
				CLANG_ANALYZER_NUMBER_OBJECT_CONVERSION = YES_AGGRESSIVE;
				CLANG_CXX_LANGUAGE_STANDARD = "gnu++20";
				CLANG_ENABLE_MODULES = YES;
				CLANG_ENABLE_OBJC_ARC = YES;
				CLANG_ENABLE_OBJC_WEAK = YES;
				CLANG_WARN_BLOCK_CAPTURE_AUTORELEASING = YES;
				CLANG_WARN_BOOL_CONVERSION = YES;
				CLANG_WARN_COMMA = YES;
				CLANG_WARN_CONSTANT_CONVERSION = YES;
				CLANG_WARN_DEPRECATED_OBJC_IMPLEMENTATIONS = YES;
				CLANG_WARN_DIRECT_OBJC_ISA_USAGE = YES_ERROR;
				CLANG_WARN_DOCUMENTATION_COMMENTS = YES;
				CLANG_WARN_EMPTY_BODY = YES;
				CLANG_WARN_ENUM_CONVERSION = YES;
				CLANG_WARN_INFINITE_RECURSION = YES;
				CLANG_WARN_INT_CONVERSION = YES;
				CLANG_WARN_NON_LITERAL_NULL_CONVERSION = YES;
				CLANG_WARN_OBJC_IMPLICIT_RETAIN_SELF = YES;
				CLANG_WARN_OBJC_LITERAL_CONVERSION = YES;
				CLANG_WARN_OBJC_ROOT_CLASS = YES_ERROR;
				CLANG_WARN_QUOTED_INCLUDE_IN_FRAMEWORK_HEADER = YES;
				CLANG_WARN_RANGE_LOOP_ANALYSIS = YES;
				CLANG_WARN_STRICT_PROTOTYPES = YES;
				CLANG_WARN_SUSPICIOUS_MOVE = YES;
				CLANG_WARN_UNGUARDED_AVAILABILITY = YES_AGGRESSIVE;
				CLANG_WARN_UNREACHABLE_CODE = YES;
				CLANG_WARN__DUPLICATE_METHOD_MATCH = YES;
				COPY_PHASE_STRIP = NO;
				DEBUG_INFORMATION_FORMAT = "dwarf-with-dsym";
				ENABLE_NS_ASSERTIONS = NO;
				ENABLE_STRICT_OBJC_MSGSEND = YES;
				ENABLE_USER_SCRIPT_SANDBOXING = YES;
				GCC_C_LANGUAGE_STANDARD = gnu17;
				GCC_NO_COMMON_BLOCKS = YES;
				GCC_WARN_64_TO_32_BIT_CONVERSION = YES;
				GCC_WARN_ABOUT_RETURN_TYPE = YES_ERROR;
				GCC_WARN_UNDECLARED_SELECTOR = YES;
				GCC_WARN_UNINITIALIZED_AUTOS = YES_AGGRESSIVE;
				GCC_WARN_UNUSED_FUNCTION = YES;
				GCC_WARN_UNUSED_VARIABLE = YES;
				IPHONEOS_DEPLOYMENT_TARGET = 17.0;
				LOCALIZATION_PREFERS_STRING_CATALOGS = YES;
				MTL_ENABLE_DEBUG_INFO = NO;
				MTL_FAST_MATH = YES;
				SDKROOT = iphoneos;
				SWIFT_COMPILATION_MODE = wholemodule;
				VALIDATE_PRODUCT = YES;
			};
			name = Release;
		};
		062B0F722B6A72CE00CB7511 /* Debug */ = {
			isa = XCBuildConfiguration;
			buildSettings = {
				ASSETCATALOG_COMPILER_APPICON_NAME = AppIcon;
				ASSETCATALOG_COMPILER_GLOBAL_ACCENT_COLOR_NAME = AccentColor;
				CODE_SIGN_STYLE = Automatic;
				CURRENT_PROJECT_VERSION = 1;
				GENERATE_INFOPLIST_FILE = YES;
				INFOPLIST_FILE = JustNews/Info.plist;
				INFOPLIST_KEY_UIApplicationSupportsIndirectInputEvents = YES;
				INFOPLIST_KEY_UILaunchStoryboardName = LaunchScreen;
				INFOPLIST_KEY_UIMainStoryboardFile = "";
				INFOPLIST_KEY_UISupportedInterfaceOrientations_iPad = "UIInterfaceOrientationPortrait UIInterfaceOrientationPortraitUpsideDown UIInterfaceOrientationLandscapeLeft UIInterfaceOrientationLandscapeRight";
				INFOPLIST_KEY_UISupportedInterfaceOrientations_iPhone = "UIInterfaceOrientationPortrait UIInterfaceOrientationLandscapeLeft UIInterfaceOrientationLandscapeRight";
				LD_RUNPATH_SEARCH_PATHS = (
					"$(inherited)",
					"@executable_path/Frameworks",
				);
				MARKETING_VERSION = 1.0;
				PRODUCT_BUNDLE_IDENTIFIER = SinghG.JustNews;
				PRODUCT_NAME = "$(TARGET_NAME)";
				SWIFT_EMIT_LOC_STRINGS = YES;
				SWIFT_VERSION = 5.0;
				TARGETED_DEVICE_FAMILY = "1,2";
			};
			name = Debug;
		};
		062B0F732B6A72CE00CB7511 /* Release */ = {
			isa = XCBuildConfiguration;
			buildSettings = {
				ASSETCATALOG_COMPILER_APPICON_NAME = AppIcon;
				ASSETCATALOG_COMPILER_GLOBAL_ACCENT_COLOR_NAME = AccentColor;
				CODE_SIGN_STYLE = Automatic;
				CURRENT_PROJECT_VERSION = 1;
				GENERATE_INFOPLIST_FILE = YES;
				INFOPLIST_FILE = JustNews/Info.plist;
				INFOPLIST_KEY_UIApplicationSupportsIndirectInputEvents = YES;
				INFOPLIST_KEY_UILaunchStoryboardName = LaunchScreen;
				INFOPLIST_KEY_UIMainStoryboardFile = "";
				INFOPLIST_KEY_UISupportedInterfaceOrientations_iPad = "UIInterfaceOrientationPortrait UIInterfaceOrientationPortraitUpsideDown UIInterfaceOrientationLandscapeLeft UIInterfaceOrientationLandscapeRight";
				INFOPLIST_KEY_UISupportedInterfaceOrientations_iPhone = "UIInterfaceOrientationPortrait UIInterfaceOrientationLandscapeLeft UIInterfaceOrientationLandscapeRight";
				LD_RUNPATH_SEARCH_PATHS = (
					"$(inherited)",
					"@executable_path/Frameworks",
				);
				MARKETING_VERSION = 1.0;
				PRODUCT_BUNDLE_IDENTIFIER = SinghG.JustNews;
				PRODUCT_NAME = "$(TARGET_NAME)";
				SWIFT_EMIT_LOC_STRINGS = YES;
				SWIFT_VERSION = 5.0;
				TARGETED_DEVICE_FAMILY = "1,2";
			};
			name = Release;
		};
		062B0F752B6A72CE00CB7511 /* Debug */ = {
			isa = XCBuildConfiguration;
			buildSettings = {
				ALWAYS_EMBED_SWIFT_STANDARD_LIBRARIES = YES;
				BUNDLE_LOADER = "$(TEST_HOST)";
				CODE_SIGN_STYLE = Automatic;
				CURRENT_PROJECT_VERSION = 1;
				GENERATE_INFOPLIST_FILE = YES;
				IPHONEOS_DEPLOYMENT_TARGET = 17.0;
				MARKETING_VERSION = 1.0;
				PRODUCT_BUNDLE_IDENTIFIER = SinghG.JustNewsTests;
				PRODUCT_NAME = "$(TARGET_NAME)";
				SWIFT_EMIT_LOC_STRINGS = NO;
				SWIFT_VERSION = 5.0;
				TARGETED_DEVICE_FAMILY = "1,2";
				TEST_HOST = "$(BUILT_PRODUCTS_DIR)/JustNews.app/$(BUNDLE_EXECUTABLE_FOLDER_PATH)/JustNews";
			};
			name = Debug;
		};
		062B0F762B6A72CE00CB7511 /* Release */ = {
			isa = XCBuildConfiguration;
			buildSettings = {
				ALWAYS_EMBED_SWIFT_STANDARD_LIBRARIES = YES;
				BUNDLE_LOADER = "$(TEST_HOST)";
				CODE_SIGN_STYLE = Automatic;
				CURRENT_PROJECT_VERSION = 1;
				GENERATE_INFOPLIST_FILE = YES;
				IPHONEOS_DEPLOYMENT_TARGET = 17.0;
				MARKETING_VERSION = 1.0;
				PRODUCT_BUNDLE_IDENTIFIER = SinghG.JustNewsTests;
				PRODUCT_NAME = "$(TARGET_NAME)";
				SWIFT_EMIT_LOC_STRINGS = NO;
				SWIFT_VERSION = 5.0;
				TARGETED_DEVICE_FAMILY = "1,2";
				TEST_HOST = "$(BUILT_PRODUCTS_DIR)/JustNews.app/$(BUNDLE_EXECUTABLE_FOLDER_PATH)/JustNews";
			};
			name = Release;
		};
		062B0F782B6A72CE00CB7511 /* Debug */ = {
			isa = XCBuildConfiguration;
			buildSettings = {
				ALWAYS_EMBED_SWIFT_STANDARD_LIBRARIES = YES;
				CODE_SIGN_STYLE = Automatic;
				CURRENT_PROJECT_VERSION = 1;
				GENERATE_INFOPLIST_FILE = YES;
				MARKETING_VERSION = 1.0;
				PRODUCT_BUNDLE_IDENTIFIER = SinghG.JustNewsUITests;
				PRODUCT_NAME = "$(TARGET_NAME)";
				SWIFT_EMIT_LOC_STRINGS = NO;
				SWIFT_VERSION = 5.0;
				TARGETED_DEVICE_FAMILY = "1,2";
				TEST_TARGET_NAME = JustNews;
			};
			name = Debug;
		};
		062B0F792B6A72CE00CB7511 /* Release */ = {
			isa = XCBuildConfiguration;
			buildSettings = {
				ALWAYS_EMBED_SWIFT_STANDARD_LIBRARIES = YES;
				CODE_SIGN_STYLE = Automatic;
				CURRENT_PROJECT_VERSION = 1;
				GENERATE_INFOPLIST_FILE = YES;
				MARKETING_VERSION = 1.0;
				PRODUCT_BUNDLE_IDENTIFIER = SinghG.JustNewsUITests;
				PRODUCT_NAME = "$(TARGET_NAME)";
				SWIFT_EMIT_LOC_STRINGS = NO;
				SWIFT_VERSION = 5.0;
				TARGETED_DEVICE_FAMILY = "1,2";
				TEST_TARGET_NAME = JustNews;
			};
			name = Release;
		};
/* End XCBuildConfiguration section */

/* Begin XCConfigurationList section */
		062B0F422B6A72CD00CB7511 /* Build configuration list for PBXProject "JustNews" */ = {
			isa = XCConfigurationList;
			buildConfigurations = (
				062B0F6F2B6A72CE00CB7511 /* Debug */,
				062B0F702B6A72CE00CB7511 /* Release */,
			);
			defaultConfigurationIsVisible = 0;
			defaultConfigurationName = Release;
		};
		062B0F712B6A72CE00CB7511 /* Build configuration list for PBXNativeTarget "JustNews" */ = {
			isa = XCConfigurationList;
			buildConfigurations = (
				062B0F722B6A72CE00CB7511 /* Debug */,
				062B0F732B6A72CE00CB7511 /* Release */,
			);
			defaultConfigurationIsVisible = 0;
			defaultConfigurationName = Release;
		};
		062B0F742B6A72CE00CB7511 /* Build configuration list for PBXNativeTarget "JustNewsTests" */ = {
			isa = XCConfigurationList;
			buildConfigurations = (
				062B0F752B6A72CE00CB7511 /* Debug */,
				062B0F762B6A72CE00CB7511 /* Release */,
			);
			defaultConfigurationIsVisible = 0;
			defaultConfigurationName = Release;
		};
		062B0F772B6A72CE00CB7511 /* Build configuration list for PBXNativeTarget "JustNewsUITests" */ = {
			isa = XCConfigurationList;
			buildConfigurations = (
				062B0F782B6A72CE00CB7511 /* Debug */,
				062B0F792B6A72CE00CB7511 /* Release */,
			);
			defaultConfigurationIsVisible = 0;
			defaultConfigurationName = Release;
		};
/* End XCConfigurationList section */
	};
	rootObject = 062B0F3F2B6A72CD00CB7511 /* Project object */;
}
